{
  "object": {
    "pins": [
      {
        "package": "Starscream",
        "repositoryURL": "https://github.com/Eason-Saber/MSport-Starscream",
        "state": {
          "branch": "Replace-TCPTransport",
          "revision": "69666dcc9d74c954e102539767f592f3184315d2",
          "version": null
        }
      }
    ]
  },
  "version": 1
}
